
Microsoft Visual Studio Solution File, Format Version 12.00
# Visual Studio 2012
Project("{FAE04EC0-301F-11D3-BF4B-00C04F79EFBC}") = "BasicNetWeb", "BasicNetWeb\BasicNetWeb.csproj", "{C5EC7944-45A7-4E1D-B700-20524B691BE7}"
EndProject
Global
	GlobalSection(SolutionConfigurationPlatforms) = preSolution
		Debug|Any CPU = Debug|Any CPU
		Release|Any CPU = Release|Any CPU
	EndGlobalSection
	GlobalSection(ProjectConfigurationPlatforms) = postSolution
		{C5EC7944-45A7-4E1D-B700-20524B691BE7}.Debug|Any CPU.ActiveCfg = Debug|Any CPU
		{C5EC7944-45A7-4E1D-B700-20524B691BE7}.Debug|Any CPU.Build.0 = Debug|Any CPU
		{C5EC7944-45A7-4E1D-B700-20524B691BE7}.Release|Any CPU.ActiveCfg = Release|Any CPU
		{C5EC7944-45A7-4E1D-B700-20524B691BE7}.Release|Any CPU.Build.0 = Release|Any CPU
	EndGlobalSection
EndGlobal
